// !$*UTF8*$!
{
	archiveVersion = 1;
	classes = {
	};
	objectVersion = 50;
	objects = {

/* Begin PBXBuildFile section */
		DA28FCB72542ED7F00E7AABB /* PortfolioApp.swift in Sources */ = {isa = PBXBuildFile; fileRef = DA28FCB62542ED7F00E7AABB /* PortfolioApp.swift */; };
		DA28FCB92542ED7F00E7AABB /* ContentView.swift in Sources */ = {isa = PBXBuildFile; fileRef = DA28FCB82542ED7F00E7AABB /* ContentView.swift */; };
		DA28FCBB2542ED8000E7AABB /* Assets.xcassets in Resources */ = {isa = PBXBuildFile; fileRef = DA28FCBA2542ED8000E7AABB /* Assets.xcassets */; };
		DA28FCC82542EE7300E7AABB /* Main.xcdatamodeld in Sources */ = {isa = PBXBuildFile; fileRef = DA28FCC62542EE7300E7AABB /* Main.xcdatamodeld */; };
		DA28FCCB2542FD0600E7AABB /* DataController.swift in Sources */ = {isa = PBXBuildFile; fileRef = DA28FCCA2542FD0600E7AABB /* DataController.swift */; };
		DA28FCD1254302CE00E7AABB /* CloudKit.framework in Frameworks */ = {isa = PBXBuildFile; fileRef = DA28FCD0254302CE00E7AABB /* CloudKit.framework */; };
		DA28FCD425430C8600E7AABB /* HomeView.swift in Sources */ = {isa = PBXBuildFile; fileRef = DA28FCD325430C8600E7AABB /* HomeView.swift */; };
		DA28FCD825430EA700E7AABB /* ProjectsView.swift in Sources */ = {isa = PBXBuildFile; fileRef = DA28FCD725430EA700E7AABB /* ProjectsView.swift */; };
		DA46E820255F011B00535164 /* Bundle-Decodable.swift in Sources */ = {isa = PBXBuildFile; fileRef = DA46E81F255F011B00535164 /* Bundle-Decodable.swift */; };
		DA46E823255F044700535164 /* Award.swift in Sources */ = {isa = PBXBuildFile; fileRef = DA46E822255F044700535164 /* Award.swift */; };
		DA46E829255F054100535164 /* AwardsView.swift in Sources */ = {isa = PBXBuildFile; fileRef = DA46E828255F054100535164 /* AwardsView.swift */; };
		DA56E119257CFBAB00EF0899 /* ItemListView.swift in Sources */ = {isa = PBXBuildFile; fileRef = DA56E118257CFBAB00EF0899 /* ItemListView.swift */; };
		DA56E11C257CFCC400EF0899 /* ProjectSummaryView.swift in Sources */ = {isa = PBXBuildFile; fileRef = DA56E11B257CFCC400EF0899 /* ProjectSummaryView.swift */; };
		DA58D6E82555BB6000F691B9 /* Sequence-Sorting.swift in Sources */ = {isa = PBXBuildFile; fileRef = DA58D6E72555BB6000F691B9 /* Sequence-Sorting.swift */; };
		DA629390256D3C7B0096ACF4 /* Color-Additions.swift in Sources */ = {isa = PBXBuildFile; fileRef = DA62938F256D3C7B0096ACF4 /* Color-Additions.swift */; };
		DA82B3DA25B05E1700B75DA3 /* PortfolioTests.swift in Sources */ = {isa = PBXBuildFile; fileRef = DA82B3D925B05E1700B75DA3 /* PortfolioTests.swift */; };
		DA82B3E425B05FED00B75DA3 /* AssetTest.swift in Sources */ = {isa = PBXBuildFile; fileRef = DA82B3E325B05FED00B75DA3 /* AssetTest.swift */; };
		DA96BE192573C4BC0058D2A2 /* Localizable.strings in Resources */ = {isa = PBXBuildFile; fileRef = DA96BE1B2573C4BC0058D2A2 /* Localizable.strings */; };
		DA96BE1E2573C53A0058D2A2 /* Localizable.stringsdict in Resources */ = {isa = PBXBuildFile; fileRef = DA96BE202573C53A0058D2A2 /* Localizable.stringsdict */; };
		DA96BE232573C5F00058D2A2 /* Awards.json in Resources */ = {isa = PBXBuildFile; fileRef = DA96BE252573C5F00058D2A2 /* Awards.json */; };
		DAA6CBCB2548419A00E8CF15 /* Item-CoreDataHelpers.swift in Sources */ = {isa = PBXBuildFile; fileRef = DAA6CBCA2548419A00E8CF15 /* Item-CoreDataHelpers.swift */; };
		DAA6CBCE2548432900E8CF15 /* Project-CoreDataHelpers.swift in Sources */ = {isa = PBXBuildFile; fileRef = DAA6CBCD2548432900E8CF15 /* Project-CoreDataHelpers.swift */; };
		DAA6CBD125499F8A00E8CF15 /* EditItemView.swift in Sources */ = {isa = PBXBuildFile; fileRef = DAA6CBD025499F8A00E8CF15 /* EditItemView.swift */; };
		DAA6CBD42549A4E500E8CF15 /* ItemRowView.swift in Sources */ = {isa = PBXBuildFile; fileRef = DAA6CBD32549A4E500E8CF15 /* ItemRowView.swift */; };
		DAA6CBD72549A77C00E8CF15 /* Binding-OnChange.swift in Sources */ = {isa = PBXBuildFile; fileRef = DAA6CBD62549A77C00E8CF15 /* Binding-OnChange.swift */; };
		DAD1C761254C6469006BD494 /* ProjectHeaderView.swift in Sources */ = {isa = PBXBuildFile; fileRef = DAD1C760254C6469006BD494 /* ProjectHeaderView.swift */; };
		DAD1C764254C687C006BD494 /* Colours.xcassets in Resources */ = {isa = PBXBuildFile; fileRef = DAD1C763254C687C006BD494 /* Colours.xcassets */; };
		DAD1C768254C6A5F006BD494 /* EditProjectView.swift in Sources */ = {isa = PBXBuildFile; fileRef = DAD1C767254C6A5F006BD494 /* EditProjectView.swift */; };
		DADFC3BE255AE72200795A57 /* SelectSomethingView.swift in Sources */ = {isa = PBXBuildFile; fileRef = DADFC3BD255AE72200795A57 /* SelectSomethingView.swift */; };
/* End PBXBuildFile section */

/* Begin PBXContainerItemProxy section */
		DA82B3DC25B05E1700B75DA3 /* PBXContainerItemProxy */ = {
			isa = PBXContainerItemProxy;
			containerPortal = DA28FCAB2542ED7F00E7AABB /* Project object */;
			proxyType = 1;
			remoteGlobalIDString = DA28FCB22542ED7F00E7AABB;
			remoteInfo = Portfolio;
		};
/* End PBXContainerItemProxy section */

/* Begin PBXFileReference section */
		DA28FCB32542ED7F00E7AABB /* Portfolio.app */ = {isa = PBXFileReference; explicitFileType = wrapper.application; includeInIndex = 0; path = Portfolio.app; sourceTree = BUILT_PRODUCTS_DIR; };
		DA28FCB62542ED7F00E7AABB /* PortfolioApp.swift */ = {isa = PBXFileReference; lastKnownFileType = sourcecode.swift; path = PortfolioApp.swift; sourceTree = "<group>"; };
		DA28FCB82542ED7F00E7AABB /* ContentView.swift */ = {isa = PBXFileReference; lastKnownFileType = sourcecode.swift; path = ContentView.swift; sourceTree = "<group>"; };
		DA28FCBA2542ED8000E7AABB /* Assets.xcassets */ = {isa = PBXFileReference; lastKnownFileType = folder.assetcatalog; path = Assets.xcassets; sourceTree = "<group>"; };
		DA28FCBF2542ED8000E7AABB /* Info.plist */ = {isa = PBXFileReference; lastKnownFileType = text.plist.xml; path = Info.plist; sourceTree = "<group>"; };
		DA28FCC72542EE7300E7AABB /* Main.xcdatamodel */ = {isa = PBXFileReference; lastKnownFileType = wrapper.xcdatamodel; path = Main.xcdatamodel; sourceTree = "<group>"; };
		DA28FCCA2542FD0600E7AABB /* DataController.swift */ = {isa = PBXFileReference; lastKnownFileType = sourcecode.swift; path = DataController.swift; sourceTree = "<group>"; };
		DA28FCCD2543029B00E7AABB /* Portfolio.entitlements */ = {isa = PBXFileReference; lastKnownFileType = text.plist.entitlements; path = Portfolio.entitlements; sourceTree = "<group>"; };
		DA28FCD0254302CE00E7AABB /* CloudKit.framework */ = {isa = PBXFileReference; lastKnownFileType = wrapper.framework; name = CloudKit.framework; path = System/Library/Frameworks/CloudKit.framework; sourceTree = SDKROOT; };
		DA28FCD325430C8600E7AABB /* HomeView.swift */ = {isa = PBXFileReference; lastKnownFileType = sourcecode.swift; path = HomeView.swift; sourceTree = "<group>"; };
		DA28FCD725430EA700E7AABB /* ProjectsView.swift */ = {isa = PBXFileReference; lastKnownFileType = sourcecode.swift; path = ProjectsView.swift; sourceTree = "<group>"; };
		DA46E81F255F011B00535164 /* Bundle-Decodable.swift */ = {isa = PBXFileReference; lastKnownFileType = sourcecode.swift; path = "Bundle-Decodable.swift"; sourceTree = "<group>"; };
		DA46E822255F044700535164 /* Award.swift */ = {isa = PBXFileReference; lastKnownFileType = sourcecode.swift; path = Award.swift; sourceTree = "<group>"; };
		DA46E828255F054100535164 /* AwardsView.swift */ = {isa = PBXFileReference; lastKnownFileType = sourcecode.swift; path = AwardsView.swift; sourceTree = "<group>"; };
		DA56E118257CFBAB00EF0899 /* ItemListView.swift */ = {isa = PBXFileReference; lastKnownFileType = sourcecode.swift; path = ItemListView.swift; sourceTree = "<group>"; };
		DA56E11B257CFCC400EF0899 /* ProjectSummaryView.swift */ = {isa = PBXFileReference; lastKnownFileType = sourcecode.swift; path = ProjectSummaryView.swift; sourceTree = "<group>"; };
		DA58D6E72555BB6000F691B9 /* Sequence-Sorting.swift */ = {isa = PBXFileReference; lastKnownFileType = sourcecode.swift; path = "Sequence-Sorting.swift"; sourceTree = "<group>"; };
		DA62938F256D3C7B0096ACF4 /* Color-Additions.swift */ = {isa = PBXFileReference; lastKnownFileType = sourcecode.swift; path = "Color-Additions.swift"; sourceTree = "<group>"; };
		DA82B3D725B05E1700B75DA3 /* PortfolioTests.xctest */ = {isa = PBXFileReference; explicitFileType = wrapper.cfbundle; includeInIndex = 0; path = PortfolioTests.xctest; sourceTree = BUILT_PRODUCTS_DIR; };
		DA82B3D925B05E1700B75DA3 /* PortfolioTests.swift */ = {isa = PBXFileReference; lastKnownFileType = sourcecode.swift; path = PortfolioTests.swift; sourceTree = "<group>"; };
		DA82B3DB25B05E1700B75DA3 /* Info.plist */ = {isa = PBXFileReference; lastKnownFileType = text.plist.xml; path = Info.plist; sourceTree = "<group>"; };
		DA82B3E325B05FED00B75DA3 /* AssetTest.swift */ = {isa = PBXFileReference; lastKnownFileType = sourcecode.swift; path = AssetTest.swift; sourceTree = "<group>"; };
		DA96BE1A2573C4BC0058D2A2 /* en */ = {isa = PBXFileReference; lastKnownFileType = text.plist.strings; name = en; path = en.lproj/Localizable.strings; sourceTree = "<group>"; };
		DA96BE1D2573C4E30058D2A2 /* fr */ = {isa = PBXFileReference; lastKnownFileType = text.plist.strings; name = fr; path = fr.lproj/Localizable.strings; sourceTree = "<group>"; };
		DA96BE1F2573C53A0058D2A2 /* en */ = {isa = PBXFileReference; lastKnownFileType = text.plist.stringsdict; name = en; path = en.lproj/Localizable.stringsdict; sourceTree = "<group>"; };
		DA96BE212573C53F0058D2A2 /* fr */ = {isa = PBXFileReference; lastKnownFileType = text.plist.stringsdict; name = fr; path = fr.lproj/Localizable.stringsdict; sourceTree = "<group>"; };
		DA96BE242573C5F00058D2A2 /* en */ = {isa = PBXFileReference; lastKnownFileType = text.json; name = en; path = en.lproj/Awards.json; sourceTree = "<group>"; };
		DA96BE262573C5F50058D2A2 /* fr */ = {isa = PBXFileReference; lastKnownFileType = text.json; name = fr; path = fr.lproj/Awards.json; sourceTree = "<group>"; };
		DAA6CBCA2548419A00E8CF15 /* Item-CoreDataHelpers.swift */ = {isa = PBXFileReference; lastKnownFileType = sourcecode.swift; path = "Item-CoreDataHelpers.swift"; sourceTree = "<group>"; };
		DAA6CBCD2548432900E8CF15 /* Project-CoreDataHelpers.swift */ = {isa = PBXFileReference; lastKnownFileType = sourcecode.swift; path = "Project-CoreDataHelpers.swift"; sourceTree = "<group>"; };
		DAA6CBD025499F8A00E8CF15 /* EditItemView.swift */ = {isa = PBXFileReference; lastKnownFileType = sourcecode.swift; path = EditItemView.swift; sourceTree = "<group>"; };
		DAA6CBD32549A4E500E8CF15 /* ItemRowView.swift */ = {isa = PBXFileReference; lastKnownFileType = sourcecode.swift; path = ItemRowView.swift; sourceTree = "<group>"; };
		DAA6CBD62549A77C00E8CF15 /* Binding-OnChange.swift */ = {isa = PBXFileReference; lastKnownFileType = sourcecode.swift; path = "Binding-OnChange.swift"; sourceTree = "<group>"; };
		DAD1C760254C6469006BD494 /* ProjectHeaderView.swift */ = {isa = PBXFileReference; lastKnownFileType = sourcecode.swift; path = ProjectHeaderView.swift; sourceTree = "<group>"; };
		DAD1C763254C687C006BD494 /* Colours.xcassets */ = {isa = PBXFileReference; lastKnownFileType = folder.assetcatalog; path = Colours.xcassets; sourceTree = "<group>"; };
		DAD1C767254C6A5F006BD494 /* EditProjectView.swift */ = {isa = PBXFileReference; lastKnownFileType = sourcecode.swift; path = EditProjectView.swift; sourceTree = "<group>"; };
		DADFC3BD255AE72200795A57 /* SelectSomethingView.swift */ = {isa = PBXFileReference; lastKnownFileType = sourcecode.swift; path = SelectSomethingView.swift; sourceTree = "<group>"; };
/* End PBXFileReference section */

/* Begin PBXFrameworksBuildPhase section */
		DA28FCB02542ED7F00E7AABB /* Frameworks */ = {
			isa = PBXFrameworksBuildPhase;
			buildActionMask = 2147483647;
			files = (
				DA28FCD1254302CE00E7AABB /* CloudKit.framework in Frameworks */,
			);
			runOnlyForDeploymentPostprocessing = 0;
		};
		DA82B3D425B05E1700B75DA3 /* Frameworks */ = {
			isa = PBXFrameworksBuildPhase;
			buildActionMask = 2147483647;
			files = (
			);
			runOnlyForDeploymentPostprocessing = 0;
		};
/* End PBXFrameworksBuildPhase section */

/* Begin PBXGroup section */
		DA28FCAA2542ED7F00E7AABB = {
			isa = PBXGroup;
			children = (
				DA28FCB52542ED7F00E7AABB /* Portfolio */,
				DA82B3D825B05E1700B75DA3 /* PortfolioTests */,
				DA28FCB42542ED7F00E7AABB /* Products */,
				DA28FCCF254302CE00E7AABB /* Frameworks */,
			);
			sourceTree = "<group>";
		};
		DA28FCB42542ED7F00E7AABB /* Products */ = {
			isa = PBXGroup;
			children = (
				DA28FCB32542ED7F00E7AABB /* Portfolio.app */,
				DA82B3D725B05E1700B75DA3 /* PortfolioTests.xctest */,
			);
			name = Products;
			sourceTree = "<group>";
		};
		DA28FCB52542ED7F00E7AABB /* Portfolio */ = {
			isa = PBXGroup;
			children = (
				DA8F301125A703DF002D40B9 /* Activities */,
				DA8F301325A703F2002D40B9 /* Extensions */,
				DA8F301425A703FA002D40B9 /* Localization */,
				DA8F301225A703E7002D40B9 /* Core */,
				DA28FCB62542ED7F00E7AABB /* PortfolioApp.swift */,
				DA28FCCA2542FD0600E7AABB /* DataController.swift */,
				DA28FCB82542ED7F00E7AABB /* ContentView.swift */,
				DA28FCBA2542ED8000E7AABB /* Assets.xcassets */,
				DAD1C763254C687C006BD494 /* Colours.xcassets */,
			);
			path = Portfolio;
			sourceTree = "<group>";
		};
		DA28FCCF254302CE00E7AABB /* Frameworks */ = {
			isa = PBXGroup;
			children = (
				DA28FCD0254302CE00E7AABB /* CloudKit.framework */,
			);
			name = Frameworks;
			sourceTree = "<group>";
		};
		DA82B3D825B05E1700B75DA3 /* PortfolioTests */ = {
			isa = PBXGroup;
			children = (
				DA82B3D925B05E1700B75DA3 /* PortfolioTests.swift */,
				DA82B3E325B05FED00B75DA3 /* AssetTest.swift */,
				DA82B3DB25B05E1700B75DA3 /* Info.plist */,
			);
			path = PortfolioTests;
			sourceTree = "<group>";
		};
		DA8F301125A703DF002D40B9 /* Activities */ = {
			isa = PBXGroup;
			children = (
				DA8F301525A70426002D40B9 /* Home */,
				DA8F301625A7042C002D40B9 /* Projects */,
				DA8F301725A70433002D40B9 /* Awards */,
			);
			path = Activities;
			sourceTree = "<group>";
		};
		DA8F301225A703E7002D40B9 /* Core */ = {
			isa = PBXGroup;
			children = (
				DA28FCCD2543029B00E7AABB /* Portfolio.entitlements */,
				DA28FCBF2542ED8000E7AABB /* Info.plist */,
				DA28FCC62542EE7300E7AABB /* Main.xcdatamodeld */,
			);
			path = Core;
			sourceTree = "<group>";
		};
		DA8F301325A703F2002D40B9 /* Extensions */ = {
			isa = PBXGroup;
			children = (
				DAA6CBD62549A77C00E8CF15 /* Binding-OnChange.swift */,
				DA46E81F255F011B00535164 /* Bundle-Decodable.swift */,
				DA62938F256D3C7B0096ACF4 /* Color-Additions.swift */,
				DA58D6E72555BB6000F691B9 /* Sequence-Sorting.swift */,
				DAA6CBCA2548419A00E8CF15 /* Item-CoreDataHelpers.swift */,
				DAA6CBCD2548432900E8CF15 /* Project-CoreDataHelpers.swift */,
			);
			path = Extensions;
			sourceTree = "<group>";
		};
		DA8F301425A703FA002D40B9 /* Localization */ = {
			isa = PBXGroup;
			children = (
				DA96BE1B2573C4BC0058D2A2 /* Localizable.strings */,
				DA96BE202573C53A0058D2A2 /* Localizable.stringsdict */,
			);
			path = Localization;
			sourceTree = "<group>";
		};
		DA8F301525A70426002D40B9 /* Home */ = {
			isa = PBXGroup;
			children = (
				DA28FCD325430C8600E7AABB /* HomeView.swift */,
				DA56E118257CFBAB00EF0899 /* ItemListView.swift */,
				DA56E11B257CFCC400EF0899 /* ProjectSummaryView.swift */,
			);
			path = Home;
			sourceTree = "<group>";
		};
		DA8F301625A7042C002D40B9 /* Projects */ = {
			isa = PBXGroup;
			children = (
				DAA6CBD025499F8A00E8CF15 /* EditItemView.swift */,
				DAA6CBD32549A4E500E8CF15 /* ItemRowView.swift */,
				DAD1C767254C6A5F006BD494 /* EditProjectView.swift */,
				DAD1C760254C6469006BD494 /* ProjectHeaderView.swift */,
				DA28FCD725430EA700E7AABB /* ProjectsView.swift */,
				DADFC3BD255AE72200795A57 /* SelectSomethingView.swift */,
			);
			path = Projects;
			sourceTree = "<group>";
		};
		DA8F301725A70433002D40B9 /* Awards */ = {
			isa = PBXGroup;
			children = (
				DA46E822255F044700535164 /* Award.swift */,
				DA46E828255F054100535164 /* AwardsView.swift */,
				DA96BE252573C5F00058D2A2 /* Awards.json */,
			);
			path = Awards;
			sourceTree = "<group>";
		};
/* End PBXGroup section */

/* Begin PBXNativeTarget section */
		DA28FCB22542ED7F00E7AABB /* Portfolio */ = {
			isa = PBXNativeTarget;
			buildConfigurationList = DA28FCC22542ED8000E7AABB /* Build configuration list for PBXNativeTarget "Portfolio" */;
			buildPhases = (
				DA28FCAF2542ED7F00E7AABB /* Sources */,
				DA28FCB02542ED7F00E7AABB /* Frameworks */,
				DA28FCB12542ED7F00E7AABB /* Resources */,
				DA2D24E2258E147800F88027 /* ShellScript */,
			);
			buildRules = (
			);
			dependencies = (
			);
			name = Portfolio;
			productName = Portfolio;
			productReference = DA28FCB32542ED7F00E7AABB /* Portfolio.app */;
			productType = "com.apple.product-type.application";
		};
		DA82B3D625B05E1700B75DA3 /* PortfolioTests */ = {
			isa = PBXNativeTarget;
			buildConfigurationList = DA82B3E025B05E1700B75DA3 /* Build configuration list for PBXNativeTarget "PortfolioTests" */;
			buildPhases = (
				DA82B3D325B05E1700B75DA3 /* Sources */,
				DA82B3D425B05E1700B75DA3 /* Frameworks */,
				DA82B3D525B05E1700B75DA3 /* Resources */,
			);
			buildRules = (
			);
			dependencies = (
				DA82B3DD25B05E1700B75DA3 /* PBXTargetDependency */,
			);
			name = PortfolioTests;
			productName = PortfolioTests;
			productReference = DA82B3D725B05E1700B75DA3 /* PortfolioTests.xctest */;
			productType = "com.apple.product-type.bundle.unit-test";
		};
/* End PBXNativeTarget section */

/* Begin PBXProject section */
		DA28FCAB2542ED7F00E7AABB /* Project object */ = {
			isa = PBXProject;
			attributes = {
				LastSwiftUpdateCheck = 1230;
				LastUpgradeCheck = 1230;
				TargetAttributes = {
					DA28FCB22542ED7F00E7AABB = {
						CreatedOnToolsVersion = 12.1;
					};
					DA82B3D625B05E1700B75DA3 = {
						CreatedOnToolsVersion = 12.3;
						TestTargetID = DA28FCB22542ED7F00E7AABB;
					};
				};
			};
			buildConfigurationList = DA28FCAE2542ED7F00E7AABB /* Build configuration list for PBXProject "Portfolio" */;
			compatibilityVersion = "Xcode 9.3";
			developmentRegion = en;
			hasScannedForEncodings = 0;
			knownRegions = (
				en,
				Base,
				fr,
			);
			mainGroup = DA28FCAA2542ED7F00E7AABB;
			productRefGroup = DA28FCB42542ED7F00E7AABB /* Products */;
			projectDirPath = "";
			projectRoot = "";
			targets = (
				DA28FCB22542ED7F00E7AABB /* Portfolio */,
				DA82B3D625B05E1700B75DA3 /* PortfolioTests */,
			);
		};
/* End PBXProject section */

/* Begin PBXResourcesBuildPhase section */
		DA28FCB12542ED7F00E7AABB /* Resources */ = {
			isa = PBXResourcesBuildPhase;
			buildActionMask = 2147483647;
			files = (
				DA96BE192573C4BC0058D2A2 /* Localizable.strings in Resources */,
				DA96BE232573C5F00058D2A2 /* Awards.json in Resources */,
				DAD1C764254C687C006BD494 /* Colours.xcassets in Resources */,
				DA28FCBB2542ED8000E7AABB /* Assets.xcassets in Resources */,
				DA96BE1E2573C53A0058D2A2 /* Localizable.stringsdict in Resources */,
			);
			runOnlyForDeploymentPostprocessing = 0;
		};
		DA82B3D525B05E1700B75DA3 /* Resources */ = {
			isa = PBXResourcesBuildPhase;
			buildActionMask = 2147483647;
			files = (
			);
			runOnlyForDeploymentPostprocessing = 0;
		};
/* End PBXResourcesBuildPhase section */

/* Begin PBXShellScriptBuildPhase section */
		DA2D24E2258E147800F88027 /* ShellScript */ = {
			isa = PBXShellScriptBuildPhase;
			buildActionMask = 2147483647;
			files = (
			);
			inputFileListPaths = (
			);
			inputPaths = (
			);
			outputFileListPaths = (
			);
			outputPaths = (
			);
			runOnlyForDeploymentPostprocessing = 0;
			shellPath = /bin/sh;
			shellScript = "if which swiftlint >/dev/null; then\n  swiftlint\nelse\n  echo \"warning: SwiftLint not installed, download from https://github.com/realm/SwiftLint\"\nfi\n";
		};
/* End PBXShellScriptBuildPhase section */

/* Begin PBXSourcesBuildPhase section */
		DA28FCAF2542ED7F00E7AABB /* Sources */ = {
			isa = PBXSourcesBuildPhase;
			buildActionMask = 2147483647;
			files = (
				DA28FCD825430EA700E7AABB /* ProjectsView.swift in Sources */,
				DA56E11C257CFCC400EF0899 /* ProjectSummaryView.swift in Sources */,
				DAD1C761254C6469006BD494 /* ProjectHeaderView.swift in Sources */,
				DA46E829255F054100535164 /* AwardsView.swift in Sources */,
				DA28FCC82542EE7300E7AABB /* Main.xcdatamodeld in Sources */,
				DADFC3BE255AE72200795A57 /* SelectSomethingView.swift in Sources */,
				DA629390256D3C7B0096ACF4 /* Color-Additions.swift in Sources */,
				DAA6CBCE2548432900E8CF15 /* Project-CoreDataHelpers.swift in Sources */,
				DAD1C768254C6A5F006BD494 /* EditProjectView.swift in Sources */,
				DA28FCCB2542FD0600E7AABB /* DataController.swift in Sources */,
				DA46E823255F044700535164 /* Award.swift in Sources */,
				DAA6CBD42549A4E500E8CF15 /* ItemRowView.swift in Sources */,
				DA28FCB92542ED7F00E7AABB /* ContentView.swift in Sources */,
				DAA6CBD72549A77C00E8CF15 /* Binding-OnChange.swift in Sources */,
				DA58D6E82555BB6000F691B9 /* Sequence-Sorting.swift in Sources */,
				DA46E820255F011B00535164 /* Bundle-Decodable.swift in Sources */,
				DA56E119257CFBAB00EF0899 /* ItemListView.swift in Sources */,
				DA28FCD425430C8600E7AABB /* HomeView.swift in Sources */,
				DA28FCB72542ED7F00E7AABB /* PortfolioApp.swift in Sources */,
				DAA6CBCB2548419A00E8CF15 /* Item-CoreDataHelpers.swift in Sources */,
				DAA6CBD125499F8A00E8CF15 /* EditItemView.swift in Sources */,
			);
			runOnlyForDeploymentPostprocessing = 0;
		};
		DA82B3D325B05E1700B75DA3 /* Sources */ = {
			isa = PBXSourcesBuildPhase;
			buildActionMask = 2147483647;
			files = (
				DA82B3E425B05FED00B75DA3 /* AssetTest.swift in Sources */,
				DA82B3DA25B05E1700B75DA3 /* PortfolioTests.swift in Sources */,
			);
			runOnlyForDeploymentPostprocessing = 0;
		};
/* End PBXSourcesBuildPhase section */

/* Begin PBXTargetDependency section */
		DA82B3DD25B05E1700B75DA3 /* PBXTargetDependency */ = {
			isa = PBXTargetDependency;
			target = DA28FCB22542ED7F00E7AABB /* Portfolio */;
			targetProxy = DA82B3DC25B05E1700B75DA3 /* PBXContainerItemProxy */;
		};
/* End PBXTargetDependency section */

/* Begin PBXVariantGroup section */
		DA96BE1B2573C4BC0058D2A2 /* Localizable.strings */ = {
			isa = PBXVariantGroup;
			children = (
				DA96BE1A2573C4BC0058D2A2 /* en */,
				DA96BE1D2573C4E30058D2A2 /* fr */,
			);
			name = Localizable.strings;
			sourceTree = "<group>";
		};
		DA96BE202573C53A0058D2A2 /* Localizable.stringsdict */ = {
			isa = PBXVariantGroup;
			children = (
				DA96BE1F2573C53A0058D2A2 /* en */,
				DA96BE212573C53F0058D2A2 /* fr */,
			);
			name = Localizable.stringsdict;
			sourceTree = "<group>";
		};
		DA96BE252573C5F00058D2A2 /* Awards.json */ = {
			isa = PBXVariantGroup;
			children = (
				DA96BE242573C5F00058D2A2 /* en */,
				DA96BE262573C5F50058D2A2 /* fr */,
			);
			name = Awards.json;
			sourceTree = "<group>";
		};
/* End PBXVariantGroup section */

/* Begin XCBuildConfiguration section */
		DA28FCC02542ED8000E7AABB /* Debug */ = {
			isa = XCBuildConfiguration;
			buildSettings = {
				ALWAYS_SEARCH_USER_PATHS = NO;
				CLANG_ANALYZER_LOCALIZABILITY_NONLOCALIZED = YES;
				CLANG_ANALYZER_NONNULL = YES;
				CLANG_ANALYZER_NUMBER_OBJECT_CONVERSION = YES_AGGRESSIVE;
				CLANG_CXX_LANGUAGE_STANDARD = "gnu++14";
				CLANG_CXX_LIBRARY = "libc++";
				CLANG_ENABLE_MODULES = YES;
				CLANG_ENABLE_OBJC_ARC = YES;
				CLANG_ENABLE_OBJC_WEAK = YES;
				CLANG_WARN_BLOCK_CAPTURE_AUTORELEASING = YES;
				CLANG_WARN_BOOL_CONVERSION = YES;
				CLANG_WARN_COMMA = YES;
				CLANG_WARN_CONSTANT_CONVERSION = YES;
				CLANG_WARN_DEPRECATED_OBJC_IMPLEMENTATIONS = YES;
				CLANG_WARN_DIRECT_OBJC_ISA_USAGE = YES_ERROR;
				CLANG_WARN_DOCUMENTATION_COMMENTS = YES;
				CLANG_WARN_EMPTY_BODY = YES;
				CLANG_WARN_ENUM_CONVERSION = YES;
				CLANG_WARN_INFINITE_RECURSION = YES;
				CLANG_WARN_INT_CONVERSION = YES;
				CLANG_WARN_NON_LITERAL_NULL_CONVERSION = YES;
				CLANG_WARN_OBJC_IMPLICIT_RETAIN_SELF = YES;
				CLANG_WARN_OBJC_LITERAL_CONVERSION = YES;
				CLANG_WARN_OBJC_ROOT_CLASS = YES_ERROR;
				CLANG_WARN_QUOTED_INCLUDE_IN_FRAMEWORK_HEADER = YES;
				CLANG_WARN_RANGE_LOOP_ANALYSIS = YES;
				CLANG_WARN_STRICT_PROTOTYPES = YES;
				CLANG_WARN_SUSPICIOUS_MOVE = YES;
				CLANG_WARN_UNGUARDED_AVAILABILITY = YES_AGGRESSIVE;
				CLANG_WARN_UNREACHABLE_CODE = YES;
				CLANG_WARN__DUPLICATE_METHOD_MATCH = YES;
				COPY_PHASE_STRIP = NO;
				DEBUG_INFORMATION_FORMAT = dwarf;
				ENABLE_STRICT_OBJC_MSGSEND = YES;
				ENABLE_TESTABILITY = YES;
				GCC_C_LANGUAGE_STANDARD = gnu11;
				GCC_DYNAMIC_NO_PIC = NO;
				GCC_NO_COMMON_BLOCKS = YES;
				GCC_OPTIMIZATION_LEVEL = 0;
				GCC_PREPROCESSOR_DEFINITIONS = (
					"DEBUG=1",
					"$(inherited)",
				);
				GCC_WARN_64_TO_32_BIT_CONVERSION = YES;
				GCC_WARN_ABOUT_RETURN_TYPE = YES_ERROR;
				GCC_WARN_UNDECLARED_SELECTOR = YES;
				GCC_WARN_UNINITIALIZED_AUTOS = YES_AGGRESSIVE;
				GCC_WARN_UNUSED_FUNCTION = YES;
				GCC_WARN_UNUSED_VARIABLE = YES;
				IPHONEOS_DEPLOYMENT_TARGET = 14.1;
				MTL_ENABLE_DEBUG_INFO = INCLUDE_SOURCE;
				MTL_FAST_MATH = YES;
				ONLY_ACTIVE_ARCH = YES;
				SDKROOT = iphoneos;
				SWIFT_ACTIVE_COMPILATION_CONDITIONS = DEBUG;
				SWIFT_OPTIMIZATION_LEVEL = "-Onone";
			};
			name = Debug;
		};
		DA28FCC12542ED8000E7AABB /* Release */ = {
			isa = XCBuildConfiguration;
			buildSettings = {
				ALWAYS_SEARCH_USER_PATHS = NO;
				CLANG_ANALYZER_LOCALIZABILITY_NONLOCALIZED = YES;
				CLANG_ANALYZER_NONNULL = YES;
				CLANG_ANALYZER_NUMBER_OBJECT_CONVERSION = YES_AGGRESSIVE;
				CLANG_CXX_LANGUAGE_STANDARD = "gnu++14";
				CLANG_CXX_LIBRARY = "libc++";
				CLANG_ENABLE_MODULES = YES;
				CLANG_ENABLE_OBJC_ARC = YES;
				CLANG_ENABLE_OBJC_WEAK = YES;
				CLANG_WARN_BLOCK_CAPTURE_AUTORELEASING = YES;
				CLANG_WARN_BOOL_CONVERSION = YES;
				CLANG_WARN_COMMA = YES;
				CLANG_WARN_CONSTANT_CONVERSION = YES;
				CLANG_WARN_DEPRECATED_OBJC_IMPLEMENTATIONS = YES;
				CLANG_WARN_DIRECT_OBJC_ISA_USAGE = YES_ERROR;
				CLANG_WARN_DOCUMENTATION_COMMENTS = YES;
				CLANG_WARN_EMPTY_BODY = YES;
				CLANG_WARN_ENUM_CONVERSION = YES;
				CLANG_WARN_INFINITE_RECURSION = YES;
				CLANG_WARN_INT_CONVERSION = YES;
				CLANG_WARN_NON_LITERAL_NULL_CONVERSION = YES;
				CLANG_WARN_OBJC_IMPLICIT_RETAIN_SELF = YES;
				CLANG_WARN_OBJC_LITERAL_CONVERSION = YES;
				CLANG_WARN_OBJC_ROOT_CLASS = YES_ERROR;
				CLANG_WARN_QUOTED_INCLUDE_IN_FRAMEWORK_HEADER = YES;
				CLANG_WARN_RANGE_LOOP_ANALYSIS = YES;
				CLANG_WARN_STRICT_PROTOTYPES = YES;
				CLANG_WARN_SUSPICIOUS_MOVE = YES;
				CLANG_WARN_UNGUARDED_AVAILABILITY = YES_AGGRESSIVE;
				CLANG_WARN_UNREACHABLE_CODE = YES;
				CLANG_WARN__DUPLICATE_METHOD_MATCH = YES;
				COPY_PHASE_STRIP = NO;
				DEBUG_INFORMATION_FORMAT = "dwarf-with-dsym";
				ENABLE_NS_ASSERTIONS = NO;
				ENABLE_STRICT_OBJC_MSGSEND = YES;
				GCC_C_LANGUAGE_STANDARD = gnu11;
				GCC_NO_COMMON_BLOCKS = YES;
				GCC_WARN_64_TO_32_BIT_CONVERSION = YES;
				GCC_WARN_ABOUT_RETURN_TYPE = YES_ERROR;
				GCC_WARN_UNDECLARED_SELECTOR = YES;
				GCC_WARN_UNINITIALIZED_AUTOS = YES_AGGRESSIVE;
				GCC_WARN_UNUSED_FUNCTION = YES;
				GCC_WARN_UNUSED_VARIABLE = YES;
				IPHONEOS_DEPLOYMENT_TARGET = 14.1;
				MTL_ENABLE_DEBUG_INFO = NO;
				MTL_FAST_MATH = YES;
				SDKROOT = iphoneos;
				SWIFT_COMPILATION_MODE = wholemodule;
				SWIFT_OPTIMIZATION_LEVEL = "-O";
				VALIDATE_PRODUCT = YES;
			};
			name = Release;
		};
		DA28FCC32542ED8000E7AABB /* Debug */ = {
			isa = XCBuildConfiguration;
			buildSettings = {
				ASSETCATALOG_COMPILER_APPICON_NAME = AppIcon;
				ASSETCATALOG_COMPILER_GLOBAL_ACCENT_COLOR_NAME = AccentColor;
				CODE_SIGN_ENTITLEMENTS = Portfolio/Core/Portfolio.entitlements;
				CODE_SIGN_STYLE = Automatic;
				DEVELOPMENT_TEAM = 7F42FDQ9R9;
				ENABLE_PREVIEWS = YES;
				INFOPLIST_FILE = Portfolio/Core/Info.plist;
				IPHONEOS_DEPLOYMENT_TARGET = 14.0;
				LD_RUNPATH_SEARCH_PATHS = (
					"$(inherited)",
					"@executable_path/Frameworks",
				);
				PRODUCT_BUNDLE_IDENTIFIER = uk.jaaco.Portfolio;
				PRODUCT_NAME = "$(TARGET_NAME)";
				SWIFT_VERSION = 5.0;
				TARGETED_DEVICE_FAMILY = "1,2";
			};
			name = Debug;
		};
		DA28FCC42542ED8000E7AABB /* Release */ = {
			isa = XCBuildConfiguration;
			buildSettings = {
				ASSETCATALOG_COMPILER_APPICON_NAME = AppIcon;
				ASSETCATALOG_COMPILER_GLOBAL_ACCENT_COLOR_NAME = AccentColor;
				CODE_SIGN_ENTITLEMENTS = Portfolio/Core/Portfolio.entitlements;
				CODE_SIGN_STYLE = Automatic;
				DEVELOPMENT_TEAM = 7F42FDQ9R9;
				ENABLE_PREVIEWS = YES;
				INFOPLIST_FILE = Portfolio/Core/Info.plist;
				IPHONEOS_DEPLOYMENT_TARGET = 14.0;
				LD_RUNPATH_SEARCH_PATHS = (
					"$(inherited)",
					"@executable_path/Frameworks",
				);
				PRODUCT_BUNDLE_IDENTIFIER = uk.jaaco.Portfolio;
				PRODUCT_NAME = "$(TARGET_NAME)";
				SWIFT_VERSION = 5.0;
				TARGETED_DEVICE_FAMILY = "1,2";
			};
			name = Release;
		};
		DA82B3DE25B05E1700B75DA3 /* Debug */ = {
			isa = XCBuildConfiguration;
			buildSettings = {
				BUNDLE_LOADER = "$(TEST_HOST)";
				CODE_SIGN_STYLE = Automatic;
				DEVELOPMENT_TEAM = 7F42FDQ9R9;
				INFOPLIST_FILE = PortfolioTests/Info.plist;
				IPHONEOS_DEPLOYMENT_TARGET = 14.3;
				LD_RUNPATH_SEARCH_PATHS = (
					"$(inherited)",
					"@executable_path/Frameworks",
					"@loader_path/Frameworks",
				);
				PRODUCT_BUNDLE_IDENTIFIER = uk.jaaco.PortfolioTests;
				PRODUCT_NAME = "$(TARGET_NAME)";
				SWIFT_VERSION = 5.0;
				TARGETED_DEVICE_FAMILY = "1,2";
				TEST_HOST = "$(BUILT_PRODUCTS_DIR)/Portfolio.app/Portfolio";
			};
			name = Debug;
		};
		DA82B3DF25B05E1700B75DA3 /* Release */ = {
			isa = XCBuildConfiguration;
			buildSettings = {
				BUNDLE_LOADER = "$(TEST_HOST)";
				CODE_SIGN_STYLE = Automatic;
				DEVELOPMENT_TEAM = 7F42FDQ9R9;
				INFOPLIST_FILE = PortfolioTests/Info.plist;
				IPHONEOS_DEPLOYMENT_TARGET = 14.3;
				LD_RUNPATH_SEARCH_PATHS = (
					"$(inherited)",
					"@executable_path/Frameworks",
					"@loader_path/Frameworks",
				);
				PRODUCT_BUNDLE_IDENTIFIER = uk.jaaco.PortfolioTests;
				PRODUCT_NAME = "$(TARGET_NAME)";
				SWIFT_VERSION = 5.0;
				TARGETED_DEVICE_FAMILY = "1,2";
				TEST_HOST = "$(BUILT_PRODUCTS_DIR)/Portfolio.app/Portfolio";
			};
			name = Release;
		};
/* End XCBuildConfiguration section */

/* Begin XCConfigurationList section */
		DA28FCAE2542ED7F00E7AABB /* Build configuration list for PBXProject "Portfolio" */ = {
			isa = XCConfigurationList;
			buildConfigurations = (
				DA28FCC02542ED8000E7AABB /* Debug */,
				DA28FCC12542ED8000E7AABB /* Release */,
			);
			defaultConfigurationIsVisible = 0;
			defaultConfigurationName = Release;
		};
		DA28FCC22542ED8000E7AABB /* Build configuration list for PBXNativeTarget "Portfolio" */ = {
			isa = XCConfigurationList;
			buildConfigurations = (
				DA28FCC32542ED8000E7AABB /* Debug */,
				DA28FCC42542ED8000E7AABB /* Release */,
			);
			defaultConfigurationIsVisible = 0;
			defaultConfigurationName = Release;
		};
		DA82B3E025B05E1700B75DA3 /* Build configuration list for PBXNativeTarget "PortfolioTests" */ = {
			isa = XCConfigurationList;
			buildConfigurations = (
				DA82B3DE25B05E1700B75DA3 /* Debug */,
				DA82B3DF25B05E1700B75DA3 /* Release */,
			);
			defaultConfigurationIsVisible = 0;
			defaultConfigurationName = Release;
		};
/* End XCConfigurationList section */

/* Begin XCVersionGroup section */
		DA28FCC62542EE7300E7AABB /* Main.xcdatamodeld */ = {
			isa = XCVersionGroup;
			children = (
				DA28FCC72542EE7300E7AABB /* Main.xcdatamodel */,
			);
			currentVersion = DA28FCC72542EE7300E7AABB /* Main.xcdatamodel */;
			path = Main.xcdatamodeld;
			sourceTree = "<group>";
			versionGroupType = wrapper.xcdatamodel;
		};
/* End XCVersionGroup section */
	};
	rootObject = DA28FCAB2542ED7F00E7AABB /* Project object */;
}
